
Microsoft Visual Studio Solution File, Format Version 12.00
# Visual Studio Version 17
VisualStudioVersion = 17.4.33213.308
MinimumVisualStudioVersion = 10.0.40219.1
Project("{9A19103F-16F7-4668-BE54-9A1E7A4F7556}") = "Io.HcxProtocol", "Io.HcxProtocol\Io.HcxProtocol.csproj", "{3CF824F5-BF08-4A43-8279-27025DB62ADE}"
EndProject
Project("{FAE04EC0-301F-11D3-BF4B-00C04F79EFBC}") = "UnitTestCore", "UnitTestCore\UnitTestCore.csproj", "{59D4768B-3DFA-4EE8-AD59-1292CB1A8A8E}"
EndProject
Global
	GlobalSection(SolutionConfigurationPlatforms) = preSolution
		Debug|Any CPU = Debug|Any CPU
		Release|Any CPU = Release|Any CPU
	EndGlobalSection
	GlobalSection(ProjectConfigurationPlatforms) = postSolution
		{3CF824F5-BF08-4A43-8279-27025DB62ADE}.Debug|Any CPU.ActiveCfg = Debug|Any CPU
		{3CF824F5-BF08-4A43-8279-27025DB62ADE}.Debug|Any CPU.Build.0 = Debug|Any CPU
		{3CF824F5-BF08-4A43-8279-27025DB62ADE}.Release|Any CPU.ActiveCfg = Release|Any CPU
		{3CF824F5-BF08-4A43-8279-27025DB62ADE}.Release|Any CPU.Build.0 = Release|Any CPU
		{59D4768B-3DFA-4EE8-AD59-1292CB1A8A8E}.Debug|Any CPU.ActiveCfg = Debug|Any CPU
		{59D4768B-3DFA-4EE8-AD59-1292CB1A8A8E}.Debug|Any CPU.Build.0 = Debug|Any CPU
		{59D4768B-3DFA-4EE8-AD59-1292CB1A8A8E}.Release|Any CPU.ActiveCfg = Release|Any CPU
		{59D4768B-3DFA-4EE8-AD59-1292CB1A8A8E}.Release|Any CPU.Build.0 = Release|Any CPU
	EndGlobalSection
	GlobalSection(SolutionProperties) = preSolution
		HideSolutionNode = FALSE
	EndGlobalSection
	GlobalSection(ExtensibilityGlobals) = postSolution
		SolutionGuid = {5A6FEF3F-19ED-4B5E-B565-36E1D6D33271}
	EndGlobalSection
EndGlobal
