
Microsoft Visual Studio Solution File, Format Version 12.00
# Visual Studio Version 17
VisualStudioVersion = 17.4.33213.308
MinimumVisualStudioVersion = 10.0.40219.1
Project("{9A19103F-16F7-4668-BE54-9A1E7A4F7556}") = "Io.HcxProtocol", "Io.HcxProtocol\Io.HcxProtocol.csproj", "{61E7496B-59FD-404D-9C52-232544793870}"
EndProject
Project("{FAE04EC0-301F-11D3-BF4B-00C04F79EFBC}") = "UnitTest", "UnitTest\UnitTest.csproj", "{0812223C-0FC4-4A4D-B391-987165AD7531}"
EndProject
Global
	GlobalSection(SolutionConfigurationPlatforms) = preSolution
		Debug|Any CPU = Debug|Any CPU
		Release|Any CPU = Release|Any CPU
	EndGlobalSection
	GlobalSection(ProjectConfigurationPlatforms) = postSolution
		{61E7496B-59FD-404D-9C52-232544793870}.Debug|Any CPU.ActiveCfg = Debug|Any CPU
		{61E7496B-59FD-404D-9C52-232544793870}.Debug|Any CPU.Build.0 = Debug|Any CPU
		{61E7496B-59FD-404D-9C52-232544793870}.Release|Any CPU.ActiveCfg = Release|Any CPU
		{61E7496B-59FD-404D-9C52-232544793870}.Release|Any CPU.Build.0 = Release|Any CPU
		{0812223C-0FC4-4A4D-B391-987165AD7531}.Debug|Any CPU.ActiveCfg = Debug|Any CPU
		{0812223C-0FC4-4A4D-B391-987165AD7531}.Debug|Any CPU.Build.0 = Debug|Any CPU
		{0812223C-0FC4-4A4D-B391-987165AD7531}.Release|Any CPU.ActiveCfg = Release|Any CPU
		{0812223C-0FC4-4A4D-B391-987165AD7531}.Release|Any CPU.Build.0 = Release|Any CPU
	EndGlobalSection
	GlobalSection(SolutionProperties) = preSolution
		HideSolutionNode = FALSE
	EndGlobalSection
	GlobalSection(ExtensibilityGlobals) = postSolution
		SolutionGuid = {A8C9108D-2D2B-4914-ADB5-01955CBEBEEB}
	EndGlobalSection
EndGlobal
